
Microsoft Visual Studio Solution File, Format Version 12.00
# Visual Studio Version 16
VisualStudioVersion = 16.0.32602.291
MinimumVisualStudioVersion = 10.0.40219.1
Project("{FAE04EC0-301F-11D3-BF4B-00C04F79EFBC}") = "NFT-Art-Engine", "NFT-Art-Engine\NFT-Art-Engine.csproj", "{C2AD0D7F-678B-497C-A024-D8BDE94DB8BE}"
EndProject
Global
	GlobalSection(SolutionConfigurationPlatforms) = preSolution
		Debug|Any CPU = Debug|Any CPU
		Release|Any CPU = Release|Any CPU
	EndGlobalSection
	GlobalSection(ProjectConfigurationPlatforms) = postSolution
		{C2AD0D7F-678B-497C-A024-D8BDE94DB8BE}.Debug|Any CPU.ActiveCfg = Debug|Any CPU
		{C2AD0D7F-678B-497C-A024-D8BDE94DB8BE}.Debug|Any CPU.Build.0 = Debug|Any CPU
		{C2AD0D7F-678B-497C-A024-D8BDE94DB8BE}.Release|Any CPU.ActiveCfg = Release|Any CPU
		{C2AD0D7F-678B-497C-A024-D8BDE94DB8BE}.Release|Any CPU.Build.0 = Release|Any CPU
	EndGlobalSection
	GlobalSection(SolutionProperties) = preSolution
		HideSolutionNode = FALSE
	EndGlobalSection
	GlobalSection(ExtensibilityGlobals) = postSolution
		SolutionGuid = {75F0DB7A-27AF-4E34-9924-B7DED1547432}
	EndGlobalSection
EndGlobal
